{
  "version": 4,
  "terraform_version": "0.12.6",
  "serial": 212,
  "lineage": "4d033522-a831-c46f-49fa-ba4978193e6e",
  "outputs": {
    "ip_db": {
      "value": "35.224.149.69",
      "type": "string"
    },
    "ip_db_local": {
      "value": "10.128.0.39",
      "type": "string"
    },
    "ip_web": {
      "value": "35.226.49.60",
      "type": "string"
    },
    "ip_web_local": {
      "value": "10.128.0.38",
      "type": "string"
    }
  },
  "resources": [
    {
      "mode": "managed",
      "type": "google_compute_firewall",
      "name": "default_db",
      "provider": "provider.google",
      "instances": [
        {
          "schema_version": 1,
          "attributes": {
            "allow": [
              {
                "ports": [
                  "3306"
                ],
                "protocol": "tcp"
              }
            ],
            "creation_timestamp": "2019-08-08T00:23:33.680-07:00",
            "deny": [],
            "description": "",
            "destination_ranges": [],
            "direction": "INGRESS",
            "disabled": false,
            "id": "allow-mysql",
            "name": "allow-mysql",
            "network": "https://www.googleapis.com/compute/v1/projects/arctic-plasma-248716/global/networks/default",
            "priority": 1000,
            "project": "arctic-plasma-248716",
            "self_link": "https://www.googleapis.com/compute/v1/projects/arctic-plasma-248716/global/firewalls/allow-mysql",
            "source_ranges": [
              "0.0.0.0/0"
            ],
            "source_service_accounts": null,
            "source_tags": null,
            "target_service_accounts": null,
            "target_tags": [
              "db-moodle"
            ],
            "timeouts": null
          },
          "private": "eyJlMmJmYjczMC1lY2FhLTExZTYtOGY4OC0zNDM2M2JjN2M0YzAiOnsiY3JlYXRlIjoyNDAwMDAwMDAwMDAsImRlbGV0ZSI6MjQwMDAwMDAwMDAwLCJ1cGRhdGUiOjI0MDAwMDAwMDAwMH0sInNjaGVtYV92ZXJzaW9uIjoiMSJ9"
        }
      ]
    },
    {
      "mode": "managed",
      "type": "google_compute_firewall",
      "name": "default_web",
      "provider": "provider.google",
      "instances": [
        {
          "schema_version": 1,
          "attributes": {
            "allow": [
              {
                "ports": [
                  "80"
                ],
                "protocol": "tcp"
              }
            ],
            "creation_timestamp": "2019-08-08T00:23:33.661-07:00",
            "deny": [],
            "description": "",
            "destination_ranges": [],
            "direction": "INGRESS",
            "disabled": false,
            "id": "allow-http",
            "name": "allow-http",
            "network": "https://www.googleapis.com/compute/v1/projects/arctic-plasma-248716/global/networks/default",
            "priority": 1000,
            "project": "arctic-plasma-248716",
            "self_link": "https://www.googleapis.com/compute/v1/projects/arctic-plasma-248716/global/firewalls/allow-http",
            "source_ranges": [
              "0.0.0.0/0"
            ],
            "source_service_accounts": null,
            "source_tags": null,
            "target_service_accounts": null,
            "target_tags": [
              "web-moodle"
            ],
            "timeouts": null
          },
          "private": "eyJlMmJmYjczMC1lY2FhLTExZTYtOGY4OC0zNDM2M2JjN2M0YzAiOnsiY3JlYXRlIjoyNDAwMDAwMDAwMDAsImRlbGV0ZSI6MjQwMDAwMDAwMDAwLCJ1cGRhdGUiOjI0MDAwMDAwMDAwMH0sInNjaGVtYV92ZXJzaW9uIjoiMSJ9"
        }
      ]
    },
    {
      "mode": "managed",
      "type": "google_compute_instance",
      "name": "default_db",
      "provider": "provider.google",
      "instances": [
        {
          "schema_version": 6,
          "attributes": {
            "allow_stopping_for_update": null,
            "attached_disk": [],
            "boot_disk": [
              {
                "auto_delete": true,
                "device_name": "persistent-disk-0",
                "disk_encryption_key_raw": "",
                "disk_encryption_key_sha256": "",
                "initialize_params": [
                  {
                    "image": "https://www.googleapis.com/compute/v1/projects/centos-cloud/global/images/centos-7-v20190729",
                    "labels": {},
                    "size": 10,
                    "type": "pd-standard"
                  }
                ],
                "kms_key_self_link": "",
                "source": "https://www.googleapis.com/compute/v1/projects/arctic-plasma-248716/zones/us-central1-a/disks/moodle-db-9fa6b51b6389b9d2"
              }
            ],
            "can_ip_forward": false,
            "cpu_platform": "Intel Haswell",
            "deletion_protection": false,
            "description": null,
            "disk": [],
            "guest_accelerator": [],
            "hostname": "",
            "id": "moodle-db-9fa6b51b6389b9d2",
            "instance_id": "5163023426170285929",
            "label_fingerprint": "42WmSpB8rSM=",
            "labels": null,
            "machine_type": "f1-micro",
            "metadata": {
              "ssh-keys": "erkek:ssh-rsa AAAAB3NzaC1yc2EAAAADAQABAAABAQDSySB10+0XQRJFW+a3SgI8u6IzC/F+bG5HbBGtztvisceDUKbO0MZpyjzZq4qos8N1B1NVlo2N68nkfCvzwbhj08d9etZevaofS0ckZOBZfdslHf8BspgK9opDRyQUmxlHimkIhtvH4AHIRrJBJl0O9przvin9gw0neLUfDIx5B9Sie0RPRzETLzEoA3GtJDXsYyJYT7xjl1AfN+pmErxRxm2+MGHkInD4tjN8zMsSRWSBgGl+3hCfW0n9Aa/9zqLlWO9TwMunYR4kkLRHB4a91mfq86WnnBnOwa7l9fuQ7MnWy/SIUAcKPHz88EbB96VXuISQEIbmgtNSvUIzCx3n erkek@erkek-LifeBook-NH751\n"
            },
            "metadata_fingerprint": "PmD8pHQnzGs=",
            "metadata_startup_script": "",
            "min_cpu_platform": "",
            "name": "moodle-db-9fa6b51b6389b9d2",
            "network_interface": [
              {
                "access_config": [
                  {
                    "assigned_nat_ip": "",
                    "nat_ip": "35.224.149.69",
                    "network_tier": "PREMIUM",
                    "public_ptr_domain_name": ""
                  }
                ],
                "address": "",
                "alias_ip_range": [],
                "name": "nic0",
                "network": "https://www.googleapis.com/compute/v1/projects/arctic-plasma-248716/global/networks/default",
                "network_ip": "10.128.0.39",
                "subnetwork": "https://www.googleapis.com/compute/v1/projects/arctic-plasma-248716/regions/us-central1/subnetworks/default",
                "subnetwork_project": "arctic-plasma-248716"
              }
            ],
            "project": "arctic-plasma-248716",
            "scheduling": [
              {
                "automatic_restart": true,
                "node_affinities": [],
                "on_host_maintenance": "MIGRATE",
                "preemptible": false
              }
            ],
            "scratch_disk": [],
            "self_link": "https://www.googleapis.com/compute/v1/projects/arctic-plasma-248716/zones/us-central1-a/instances/moodle-db-9fa6b51b6389b9d2",
            "service_account": [],
            "shielded_instance_config": [],
            "tags": [
              "db-moodle"
            ],
            "tags_fingerprint": "8ly9Gi9G0R0=",
            "timeouts": null,
            "zone": "us-central1-a"
          },
          "private": "eyJlMmJmYjczMC1lY2FhLTExZTYtOGY4OC0zNDM2M2JjN2M0YzAiOnsiY3JlYXRlIjoxMjAwMDAwMDAwMDAwLCJkZWxldGUiOjEyMDAwMDAwMDAwMDAsInVwZGF0ZSI6MTIwMDAwMDAwMDAwMH0sInNjaGVtYV92ZXJzaW9uIjoiNiJ9",
          "depends_on": [
            "google_compute_instance.default_web",
            "random_id.instance_id"
          ]
        }
      ]
    },
    {
      "mode": "managed",
      "type": "google_compute_instance",
      "name": "default_web",
      "provider": "provider.google",
      "instances": [
        {
          "schema_version": 6,
          "attributes": {
            "allow_stopping_for_update": null,
            "attached_disk": [],
            "boot_disk": [
              {
                "auto_delete": true,
                "device_name": "persistent-disk-0",
                "disk_encryption_key_raw": "",
                "disk_encryption_key_sha256": "",
                "initialize_params": [
                  {
                    "image": "https://www.googleapis.com/compute/v1/projects/centos-cloud/global/images/centos-7-v20190729",
                    "labels": {},
                    "size": 10,
                    "type": "pd-standard"
                  }
                ],
                "kms_key_self_link": "",
                "source": "https://www.googleapis.com/compute/v1/projects/arctic-plasma-248716/zones/us-central1-a/disks/moodle-web-9fa6b51b6389b9d2"
              }
            ],
            "can_ip_forward": false,
            "cpu_platform": "Intel Haswell",
            "deletion_protection": false,
            "description": null,
            "disk": [],
            "guest_accelerator": [],
            "hostname": "",
            "id": "moodle-web-9fa6b51b6389b9d2",
            "instance_id": "5375167567615128344",
            "label_fingerprint": "42WmSpB8rSM=",
            "labels": null,
            "machine_type": "f1-micro",
            "metadata": {
              "ssh-keys": "erkek:ssh-rsa AAAAB3NzaC1yc2EAAAADAQABAAABAQDSySB10+0XQRJFW+a3SgI8u6IzC/F+bG5HbBGtztvisceDUKbO0MZpyjzZq4qos8N1B1NVlo2N68nkfCvzwbhj08d9etZevaofS0ckZOBZfdslHf8BspgK9opDRyQUmxlHimkIhtvH4AHIRrJBJl0O9przvin9gw0neLUfDIx5B9Sie0RPRzETLzEoA3GtJDXsYyJYT7xjl1AfN+pmErxRxm2+MGHkInD4tjN8zMsSRWSBgGl+3hCfW0n9Aa/9zqLlWO9TwMunYR4kkLRHB4a91mfq86WnnBnOwa7l9fuQ7MnWy/SIUAcKPHz88EbB96VXuISQEIbmgtNSvUIzCx3n erkek@erkek-LifeBook-NH751\n"
            },
            "metadata_fingerprint": "PmD8pHQnzGs=",
            "metadata_startup_script": "",
            "min_cpu_platform": "",
            "name": "moodle-web-9fa6b51b6389b9d2",
            "network_interface": [
              {
                "access_config": [
                  {
                    "assigned_nat_ip": "",
                    "nat_ip": "35.226.49.60",
                    "network_tier": "PREMIUM",
                    "public_ptr_domain_name": ""
                  }
                ],
                "address": "",
                "alias_ip_range": [],
                "name": "nic0",
                "network": "https://www.googleapis.com/compute/v1/projects/arctic-plasma-248716/global/networks/default",
                "network_ip": "10.128.0.38",
                "subnetwork": "https://www.googleapis.com/compute/v1/projects/arctic-plasma-248716/regions/us-central1/subnetworks/default",
                "subnetwork_project": "arctic-plasma-248716"
              }
            ],
            "project": "arctic-plasma-248716",
            "scheduling": [
              {
                "automatic_restart": true,
                "node_affinities": [],
                "on_host_maintenance": "MIGRATE",
                "preemptible": false
              }
            ],
            "scratch_disk": [],
            "self_link": "https://www.googleapis.com/compute/v1/projects/arctic-plasma-248716/zones/us-central1-a/instances/moodle-web-9fa6b51b6389b9d2",
            "service_account": [],
            "shielded_instance_config": [],
            "tags": [
              "http-server",
              "web-moodle"
            ],
            "tags_fingerprint": "z6QBIvPp2cM=",
            "timeouts": null,
            "zone": "us-central1-a"
          },
          "private": "eyJlMmJmYjczMC1lY2FhLTExZTYtOGY4OC0zNDM2M2JjN2M0YzAiOnsiY3JlYXRlIjoxMjAwMDAwMDAwMDAwLCJkZWxldGUiOjEyMDAwMDAwMDAwMDAsInVwZGF0ZSI6MTIwMDAwMDAwMDAwMH0sInNjaGVtYV92ZXJzaW9uIjoiNiJ9",
          "depends_on": [
            "random_id.instance_id"
          ]
        }
      ]
    },
    {
      "mode": "managed",
      "type": "random_id",
      "name": "instance_id",
      "provider": "provider.random",
      "instances": [
        {
          "schema_version": 0,
          "attributes": {
            "b64": "n6a1G2OJudI",
            "b64_std": "n6a1G2OJudI=",
            "b64_url": "n6a1G2OJudI",
            "byte_length": 8,
            "dec": "11504081427403225554",
            "hex": "9fa6b51b6389b9d2",
            "id": "n6a1G2OJudI",
            "keepers": null,
            "prefix": null
          },
          "private": "bnVsbA=="
        }
      ]
    }
  ]
}
